{
  "name": "backend",
  "lockfileVersion": 3,
  "requires": true,
  "packages": {
    "": {
      "dependencies": {
        "hono": "^3.11.11"
      }
    },
    "node_modules/hono": {
      "version": "3.11.11",
      "resolved": "https://registry.npmjs.org/hono/-/hono-3.11.11.tgz",
      "integrity": "sha512-E3Xv7LnOjg7VXiu+t+YplDEYXvkxpcTCzZ3RUFQlcNXclSME8aiQAYwWpJPT6MQRRpa4TG5RlOolqeYEDEK3wg==",
      "engines": {
        "node": ">=16.0.0"
      }
    }
  }
}
